{
    "_meta": {
        "hash": {
            "sha256": "726f3e8b5d623b9ee197626bea50872cc3398759890f9609d2539e8ec5d78da1"
        },
        "pipfile-spec": 6,
        "requires": {
            "python_version": "3.6"
        },
        "sources": [
            {
                "name": "pypi",
                "url": "https://pypi.org/simple",
                "verify_ssl": true
            }
        ]
    },
    "default": {
        "callr": {
            "hashes": [
                "sha256:b5b50b5f06c3894e764be0640e9125f017757602c0425eedd40ad0226889dca1"
            ],
            "index": "pypi",
            "version": "==2.1.0"
        },
        "future": {
            "hashes": [
                "sha256:67045236dcfd6816dc439556d009594abf643e5eb48992e36beac09c2ca659b8"
            ],
            "version": "==0.17.1"
        }
    },
    "develop": {}
}
